
Microsoft Visual Studio Solution File, Format Version 12.00
# Visual Studio Version 17
VisualStudioVersion = 17.3.32929.385
MinimumVisualStudioVersion = 10.0.40219.1
Project("{FAE04EC0-301F-11D3-BF4B-00C04F79EFBC}") = "MaisCultura.Site", "MaisCultura.Site\MaisCultura.Site.csproj", "{1A91EF52-500C-420E-85A0-0D0B243D091F}"
EndProject
Project("{FAE04EC0-301F-11D3-BF4B-00C04F79EFBC}") = "MaisCultura.Biblioteca", "MaisCultura.Biblioteca\MaisCultura.Biblioteca.csproj", "{831C6E1F-3D1B-4266-AB67-1246340B8F34}"
EndProject
Project("{FAE04EC0-301F-11D3-BF4B-00C04F79EFBC}") = "MaisCultura.API", "MaisCultura.API\MaisCultura.API.csproj", "{91EECD17-B440-4718-8B52-4681B6AFAC02}"
EndProject
Global
	GlobalSection(SolutionConfigurationPlatforms) = preSolution
		Debug|Any CPU = Debug|Any CPU
		Release|Any CPU = Release|Any CPU
	EndGlobalSection
	GlobalSection(ProjectConfigurationPlatforms) = postSolution
		{1A91EF52-500C-420E-85A0-0D0B243D091F}.Debug|Any CPU.ActiveCfg = Debug|Any CPU
		{1A91EF52-500C-420E-85A0-0D0B243D091F}.Debug|Any CPU.Build.0 = Debug|Any CPU
		{1A91EF52-500C-420E-85A0-0D0B243D091F}.Release|Any CPU.ActiveCfg = Release|Any CPU
		{1A91EF52-500C-420E-85A0-0D0B243D091F}.Release|Any CPU.Build.0 = Release|Any CPU
		{831C6E1F-3D1B-4266-AB67-1246340B8F34}.Debug|Any CPU.ActiveCfg = Debug|Any CPU
		{831C6E1F-3D1B-4266-AB67-1246340B8F34}.Debug|Any CPU.Build.0 = Debug|Any CPU
		{831C6E1F-3D1B-4266-AB67-1246340B8F34}.Release|Any CPU.ActiveCfg = Release|Any CPU
		{831C6E1F-3D1B-4266-AB67-1246340B8F34}.Release|Any CPU.Build.0 = Release|Any CPU
		{91EECD17-B440-4718-8B52-4681B6AFAC02}.Debug|Any CPU.ActiveCfg = Debug|Any CPU
		{91EECD17-B440-4718-8B52-4681B6AFAC02}.Debug|Any CPU.Build.0 = Debug|Any CPU
		{91EECD17-B440-4718-8B52-4681B6AFAC02}.Release|Any CPU.ActiveCfg = Release|Any CPU
		{91EECD17-B440-4718-8B52-4681B6AFAC02}.Release|Any CPU.Build.0 = Release|Any CPU
	EndGlobalSection
	GlobalSection(SolutionProperties) = preSolution
		HideSolutionNode = FALSE
	EndGlobalSection
	GlobalSection(ExtensibilityGlobals) = postSolution
		SolutionGuid = {0C453157-7280-433B-A4D0-96F307D68958}
	EndGlobalSection
EndGlobal
