
Microsoft Visual Studio Solution File, Format Version 12.00
# Visual Studio Version 17
VisualStudioVersion = 17.0.31903.59
MinimumVisualStudioVersion = 10.0.40219.1
Project("{FAE04EC0-301F-11D3-BF4B-00C04F79EFBC}") = "MaisCultura.Site", "MaisCultura.Site\MaisCultura.Site.csproj", "{8517BD47-F2B9-4EB8-A483-BA23E22BFA5B}"
EndProject
Project("{9A19103F-16F7-4668-BE54-9A1E7A4F7556}") = "MaisCultura.Biblioteca", "MaisCultura.Biblioteca\MaisCultura.Biblioteca.csproj", "{F6618323-CCC2-4657-BDA6-604827E700C1}"
EndProject
Global
	GlobalSection(SolutionConfigurationPlatforms) = preSolution
		Debug|Any CPU = Debug|Any CPU
		Release|Any CPU = Release|Any CPU
	EndGlobalSection
	GlobalSection(ProjectConfigurationPlatforms) = postSolution
		{8517BD47-F2B9-4EB8-A483-BA23E22BFA5B}.Debug|Any CPU.ActiveCfg = Debug|Any CPU
		{8517BD47-F2B9-4EB8-A483-BA23E22BFA5B}.Debug|Any CPU.Build.0 = Debug|Any CPU
		{8517BD47-F2B9-4EB8-A483-BA23E22BFA5B}.Release|Any CPU.ActiveCfg = Release|Any CPU
		{8517BD47-F2B9-4EB8-A483-BA23E22BFA5B}.Release|Any CPU.Build.0 = Release|Any CPU
		{F6618323-CCC2-4657-BDA6-604827E700C1}.Debug|Any CPU.ActiveCfg = Debug|Any CPU
		{F6618323-CCC2-4657-BDA6-604827E700C1}.Debug|Any CPU.Build.0 = Debug|Any CPU
		{F6618323-CCC2-4657-BDA6-604827E700C1}.Release|Any CPU.ActiveCfg = Release|Any CPU
		{F6618323-CCC2-4657-BDA6-604827E700C1}.Release|Any CPU.Build.0 = Release|Any CPU
	EndGlobalSection
	GlobalSection(SolutionProperties) = preSolution
		HideSolutionNode = FALSE
	EndGlobalSection
	GlobalSection(ExtensibilityGlobals) = postSolution
		SolutionGuid = {583747F6-A91E-4005-9172-FF87736207CA}
	EndGlobalSection
EndGlobal
